github.com/theNewDynamic/gohugo-theme-ananke v0.0.0-20210517201732-988c731a5762 h1:THYE22EOMi5dHAMKEqDwhceUym5PQ/g0mA1Np/Cq/s8=
github.com/theNewDynamic/gohugo-theme-ananke v0.0.0-20210517201732-988c731a5762/go.mod h1:bgj7bjD98mZSR/KOYKuF5lcIgEmTnJ763rZH4EseLv4=
github.com/theNewDynamic/gohugo-theme-ananke v2.6.7+incompatible h1:7c+NVmojLSbkk3F0GjCvEgWRI8oZh++vtR9VbNZJuMY=
github.com/theNewDynamic/gohugo-theme-ananke v2.6.7+incompatible/go.mod h1:RlzLLao82tupbQFWEZtV9ibVqr9+2WYw31sCghz3n3Y=
